
Microsoft Visual Studio Solution File, Format Version 12.00
# Visual Studio Version 17
VisualStudioVersion = 17.14.36414.22
MinimumVisualStudioVersion = 10.0.40219.1
Project("{2150E333-8FDC-42A3-9474-1A3956D46DE8}") = "Task0", "Task0", "{02EA681E-C7D8-13C7-8484-4AC65E1B71E8}"
EndProject
Project("{2150E333-8FDC-42A3-9474-1A3956D46DE8}") = "Tyuiu.GaberkornEL.Sprint1.Task0.V26.Lib", "Tyuiu.GaberkornEL.Sprint1.Task0.V26.Lib", "{A221C1F6-6618-47CD-8586-7A199608DC10}"
EndProject
Project("{2150E333-8FDC-42A3-9474-1A3956D46DE8}") = "Tyuiu.GaberkornEL.Sprint1.Task0.V26.Test", "Tyuiu.GaberkornEL.Sprint1.Task0.V26.Test", "{F49CB89F-28A6-4842-9A9E-5D61FD05BDEC}"
EndProject
Project("{FAE04EC0-301F-11D3-BF4B-00C04F79EFBC}") = "Tyuiu.GaberkornEL.Sprint1.Task0.V26.Lib", "Tyuiu.GaberkornEL.Sprint1.Task0.V26.Lib\Tyuiu.GaberkornEL.Sprint1.Task0.V26.Lib.csproj", "{1E53F451-F3F6-4D9D-90D8-BFF268AC7C60}"
EndProject
Project("{FAE04EC0-301F-11D3-BF4B-00C04F79EFBC}") = "Tyuiu.GaberkornEL.Sprint1.Task0.V26.Test", "Tyuiu.GaberkornEL.Sprint1.Task0.V26.Test\Tyuiu.GaberkornEL.Sprint1.Task0.V26.Test.csproj", "{1FF2DFEA-CB19-4224-8046-D513A90E4585}"
EndProject
Project("{2150E333-8FDC-42A3-9474-1A3956D46DE8}") = "Tyuiu.GaberkornEL.Sprint1.Task0.V26", "Tyuiu.GaberkornEL.Sprint1.Task0.V26", "{0F5E4F89-E6FA-4BA0-A7A4-BBCAC4F019EB}"
EndProject
Project("{FAE04EC0-301F-11D3-BF4B-00C04F79EFBC}") = "Tyuiu.GaberkornEL.Sprint1.Task0.V26", "Tyuiu.GaberkornEL.Sprint1.Task0.V26\Tyuiu.GaberkornEL.Sprint1.Task0.V26.csproj", "{90CC6671-7F14-4B08-B3A7-DB751EC7FCE9}"
EndProject
Project("{2150E333-8FDC-42A3-9474-1A3956D46DE8}") = "Task1", "Task1", "{334DB292-1287-4D2C-ABB8-2511C23EB23F}"
EndProject
Project("{FAE04EC0-301F-11D3-BF4B-00C04F79EFBC}") = "Tyuiu.GaberkornEL.Sprint1.Task1.V17", "Tyuiu.GaberkornEL.Sprint1.Task1.V17\Tyuiu.GaberkornEL.Sprint1.Task1.V17.csproj", "{B62EB323-9C75-4A41-82F0-DC423E2AC726}"
EndProject
Project("{FAE04EC0-301F-11D3-BF4B-00C04F79EFBC}") = "Tyuiu.GaberkornEL.Sprint1.Task1.V17.Lib", "Tyuiu.GaberkornEL.Sprint1.Task1.V17.Lib\Tyuiu.GaberkornEL.Sprint1.Task1.V17.Lib.csproj", "{20932445-9083-4A51-B7B0-7B47BA8ECD3E}"
EndProject
Project("{FAE04EC0-301F-11D3-BF4B-00C04F79EFBC}") = "Tyuiu.GaberkornEL.Sprint1.Task1.V17.Test", "Tyuiu.GaberkornEL.Sprint1.Task1.V17.Test\Tyuiu.GaberkornEL.Sprint1.Task1.V17.Test.csproj", "{CCF53A8D-17A3-4DAA-BF7F-4D6638ED109B}"
EndProject
Project("{2150E333-8FDC-42A3-9474-1A3956D46DE8}") = "Task2", "Task2", "{25BE3665-0D33-4AEF-A0A8-086C764DE1C6}"
EndProject
Project("{2150E333-8FDC-42A3-9474-1A3956D46DE8}") = "Task3", "Task3", "{ACD00CE3-419C-4E89-9623-9BC7E365BD42}"
EndProject
Project("{2150E333-8FDC-42A3-9474-1A3956D46DE8}") = "Task4", "Task4", "{E5012028-CC2D-42A9-A478-861A449219E4}"
EndProject
Project("{2150E333-8FDC-42A3-9474-1A3956D46DE8}") = "Task5", "Task5", "{62542B8E-B420-4AAD-BDA5-7015142B1330}"
EndProject
Project("{2150E333-8FDC-42A3-9474-1A3956D46DE8}") = "Task6", "Task6", "{9F4CBBFA-ABD8-4437-B433-2EBD67D4885E}"
EndProject
Project("{2150E333-8FDC-42A3-9474-1A3956D46DE8}") = "Task7", "Task7", "{74C6ED49-FF13-4041-B67F-251C2FD6CC3A}"
EndProject
Project("{FAE04EC0-301F-11D3-BF4B-00C04F79EFBC}") = "Tyuiu.GaberkornEL.Sprint1.Task2.V15", "Tyuiu.GaberkornEL.Sprint1.Task2.V15\Tyuiu.GaberkornEL.Sprint1.Task2.V15.csproj", "{87472F6A-F60B-4C83-95E8-742A3D64364C}"
EndProject
Project("{FAE04EC0-301F-11D3-BF4B-00C04F79EFBC}") = "Tyuiu.GaberkornEL.Sprint1.Task2.V15.Lib", "Tyuiu.GaberkornEL.Sprint1.Task2.V15.Lib\Tyuiu.GaberkornEL.Sprint1.Task2.V15.Lib.csproj", "{21AB8ACF-E8E7-4512-85A8-51A14BFBDF04}"
EndProject
Project("{FAE04EC0-301F-11D3-BF4B-00C04F79EFBC}") = "Tyuiu.GaberkornEL.Sprint1.Task2.V15.Test", "Tyuiu.GaberkornEL.Sprint1.Task2.V15.Test\Tyuiu.GaberkornEL.Sprint1.Task2.V15.Test.csproj", "{3029E407-6A61-40D0-8FEC-08F610EF8D1F}"
EndProject
Project("{FAE04EC0-301F-11D3-BF4B-00C04F79EFBC}") = "Tyuiu.GaberkornEL.Sprint1.Task3.V15", "Tyuiu.GaberkornEL.Sprint1.Task3.V15\Tyuiu.GaberkornEL.Sprint1.Task3.V15.csproj", "{DFFE1CF7-F37A-4243-9688-2311C8452E82}"
EndProject
Project("{FAE04EC0-301F-11D3-BF4B-00C04F79EFBC}") = "Tyuiu.GaberkornEL.Sprint1.Task3.V15.Lib", "Tyuiu.GaberkornEL.Sprint1.Task3.V15.Lib\Tyuiu.GaberkornEL.Sprint1.Task3.V15.Lib.csproj", "{285C5DB8-829D-40A2-A695-9C8772C1B7AA}"
EndProject
Project("{FAE04EC0-301F-11D3-BF4B-00C04F79EFBC}") = "Tyuiu.GaberkornEL.Sprint1.Task3.V15.Test", "Tyuiu.GaberkornEL.Sprint1.Task3.V15.Test\Tyuiu.GaberkornEL.Sprint1.Task3.V15.Test.csproj", "{CF3F8568-1BA3-42A5-8B70-3D809856906C}"
EndProject
Project("{FAE04EC0-301F-11D3-BF4B-00C04F79EFBC}") = "Tyuiu.GaberkornEL.Sprint1.Task4.V27", "Tyuiu.GaberkornEL.Sprint1.Task4.V27\Tyuiu.GaberkornEL.Sprint1.Task4.V27.csproj", "{C8AA4D37-F008-4FB1-8677-7579FCA5A651}"
EndProject
Project("{FAE04EC0-301F-11D3-BF4B-00C04F79EFBC}") = "Tyuiu.GaberkornEL.Sprint1.Task4.V27.Lib", "Tyuiu.GaberkornEL.Sprint1.Task4.V27.Lib\Tyuiu.GaberkornEL.Sprint1.Task4.V27.Lib.csproj", "{AD13F646-5982-4499-91C9-91AD2A913307}"
EndProject
Project("{FAE04EC0-301F-11D3-BF4B-00C04F79EFBC}") = "Tyuiu.GaberkornEL.Sprint1.Task4.V27.Test", "Tyuiu.GaberkornEL.Sprint1.Task4.V27.Test\Tyuiu.GaberkornEL.Sprint1.Task4.V27.Test.csproj", "{F0BE9495-84E8-4DAE-BD35-1C803ADF0E3F}"
EndProject
Project("{FAE04EC0-301F-11D3-BF4B-00C04F79EFBC}") = "Tyuiu.GaberkornEL.Sprint1.Task5.V7", "Tyuiu.GaberkornEL.Sprint1.Task5.V7\Tyuiu.GaberkornEL.Sprint1.Task5.V7.csproj", "{599E1EE6-CFA7-4B85-8200-DAA4C38E8BC1}"
EndProject
Project("{FAE04EC0-301F-11D3-BF4B-00C04F79EFBC}") = "Tyuiu.GaberkornEL.Sprint1.Task5.V7.Lib", "Tyuiu.GaberkornEL.Sprint1.Task5.V7.Lib\Tyuiu.GaberkornEL.Sprint1.Task5.V7.Lib.csproj", "{F6A8DACE-6F40-4625-94F1-D6CD957D4F47}"
EndProject
Project("{FAE04EC0-301F-11D3-BF4B-00C04F79EFBC}") = "Tyuiu.GaberkornEL.Sprint1.Task5.V7.Test", "Tyuiu.GaberkornEL.Sprint1.Task5.V7.Test\Tyuiu.GaberkornEL.Sprint1.Task5.V7.Test.csproj", "{26207BAB-D316-4206-BFAA-0705F8C9323A}"
EndProject
Project("{FAE04EC0-301F-11D3-BF4B-00C04F79EFBC}") = "Tyuiu.GaberkornEL.Sprint1.Task6.V15", "Tyuiu.GaberkornEL.Sprint1.Task6.V15\Tyuiu.GaberkornEL.Sprint1.Task6.V15.csproj", "{536C5F55-B92E-4215-9ADF-6AF1BDED4B77}"
EndProject
Project("{FAE04EC0-301F-11D3-BF4B-00C04F79EFBC}") = "Tyuiu.GaberkornEL.Sprint1.Task6.V15.Lib", "Tyuiu.GaberkornEL.Sprint1.Task6.V15.Lib\Tyuiu.GaberkornEL.Sprint1.Task6.V15.Lib.csproj", "{ED86E8D2-B564-4107-B984-96D2D0D4A988}"
EndProject
Project("{FAE04EC0-301F-11D3-BF4B-00C04F79EFBC}") = "Tyuiu.GaberkornEL.Sprint1.Task6.V15.Test", "Tyuiu.GaberkornEL.Sprint1.Task6.V15.Test\Tyuiu.GaberkornEL.Sprint1.Task6.V15.Test.csproj", "{00800FD0-374A-4AC4-9B2C-E469B33FCBEA}"
EndProject
Project("{FAE04EC0-301F-11D3-BF4B-00C04F79EFBC}") = "Tyuiu.GaberkornEL.Sprint1.Task7.V22", "Tyuiu.GaberkornEL.Sprint1.Task7.V22\Tyuiu.GaberkornEL.Sprint1.Task7.V22.csproj", "{3BF6A8EE-233D-4C34-92BA-173B39FB8215}"
EndProject
Project("{FAE04EC0-301F-11D3-BF4B-00C04F79EFBC}") = "Tyuiu.GaberkornEL.Sprint1.Task7.V22.Lib", "Tyuiu.GaberkornEL.Sprint1.Task7.V22.Lib\Tyuiu.GaberkornEL.Sprint1.Task7.V22.Lib.csproj", "{F6690EFD-3E72-4E80-8A0D-3E75C4542D8B}"
EndProject
Project("{FAE04EC0-301F-11D3-BF4B-00C04F79EFBC}") = "Tyuiu.GaberkornEL.Sprint1.Task7.V22.Test", "Tyuiu.GaberkornEL.Sprint1.Task7.V22.Test\Tyuiu.GaberkornEL.Sprint1.Task7.V22.Test.csproj", "{EB08462B-065C-4584-B839-4C37D1CA129A}"
EndProject
Global
	GlobalSection(SolutionConfigurationPlatforms) = preSolution
		Debug|Any CPU = Debug|Any CPU
		Release|Any CPU = Release|Any CPU
	EndGlobalSection
	GlobalSection(ProjectConfigurationPlatforms) = postSolution
		{1E53F451-F3F6-4D9D-90D8-BFF268AC7C60}.Debug|Any CPU.ActiveCfg = Debug|Any CPU
		{1E53F451-F3F6-4D9D-90D8-BFF268AC7C60}.Debug|Any CPU.Build.0 = Debug|Any CPU
		{1E53F451-F3F6-4D9D-90D8-BFF268AC7C60}.Release|Any CPU.ActiveCfg = Release|Any CPU
		{1E53F451-F3F6-4D9D-90D8-BFF268AC7C60}.Release|Any CPU.Build.0 = Release|Any CPU
		{1FF2DFEA-CB19-4224-8046-D513A90E4585}.Debug|Any CPU.ActiveCfg = Debug|Any CPU
		{1FF2DFEA-CB19-4224-8046-D513A90E4585}.Debug|Any CPU.Build.0 = Debug|Any CPU
		{1FF2DFEA-CB19-4224-8046-D513A90E4585}.Release|Any CPU.ActiveCfg = Release|Any CPU
		{1FF2DFEA-CB19-4224-8046-D513A90E4585}.Release|Any CPU.Build.0 = Release|Any CPU
		{90CC6671-7F14-4B08-B3A7-DB751EC7FCE9}.Debug|Any CPU.ActiveCfg = Debug|Any CPU
		{90CC6671-7F14-4B08-B3A7-DB751EC7FCE9}.Debug|Any CPU.Build.0 = Debug|Any CPU
		{90CC6671-7F14-4B08-B3A7-DB751EC7FCE9}.Release|Any CPU.ActiveCfg = Release|Any CPU
		{90CC6671-7F14-4B08-B3A7-DB751EC7FCE9}.Release|Any CPU.Build.0 = Release|Any CPU
		{B62EB323-9C75-4A41-82F0-DC423E2AC726}.Debug|Any CPU.ActiveCfg = Debug|Any CPU
		{B62EB323-9C75-4A41-82F0-DC423E2AC726}.Debug|Any CPU.Build.0 = Debug|Any CPU
		{B62EB323-9C75-4A41-82F0-DC423E2AC726}.Release|Any CPU.ActiveCfg = Release|Any CPU
		{B62EB323-9C75-4A41-82F0-DC423E2AC726}.Release|Any CPU.Build.0 = Release|Any CPU
		{20932445-9083-4A51-B7B0-7B47BA8ECD3E}.Debug|Any CPU.ActiveCfg = Debug|Any CPU
		{20932445-9083-4A51-B7B0-7B47BA8ECD3E}.Debug|Any CPU.Build.0 = Debug|Any CPU
		{20932445-9083-4A51-B7B0-7B47BA8ECD3E}.Release|Any CPU.ActiveCfg = Release|Any CPU
		{20932445-9083-4A51-B7B0-7B47BA8ECD3E}.Release|Any CPU.Build.0 = Release|Any CPU
		{CCF53A8D-17A3-4DAA-BF7F-4D6638ED109B}.Debug|Any CPU.ActiveCfg = Debug|Any CPU
		{CCF53A8D-17A3-4DAA-BF7F-4D6638ED109B}.Debug|Any CPU.Build.0 = Debug|Any CPU
		{CCF53A8D-17A3-4DAA-BF7F-4D6638ED109B}.Release|Any CPU.ActiveCfg = Release|Any CPU
		{CCF53A8D-17A3-4DAA-BF7F-4D6638ED109B}.Release|Any CPU.Build.0 = Release|Any CPU
		{87472F6A-F60B-4C83-95E8-742A3D64364C}.Debug|Any CPU.ActiveCfg = Debug|Any CPU
		{87472F6A-F60B-4C83-95E8-742A3D64364C}.Debug|Any CPU.Build.0 = Debug|Any CPU
		{87472F6A-F60B-4C83-95E8-742A3D64364C}.Release|Any CPU.ActiveCfg = Release|Any CPU
		{87472F6A-F60B-4C83-95E8-742A3D64364C}.Release|Any CPU.Build.0 = Release|Any CPU
		{21AB8ACF-E8E7-4512-85A8-51A14BFBDF04}.Debug|Any CPU.ActiveCfg = Debug|Any CPU
		{21AB8ACF-E8E7-4512-85A8-51A14BFBDF04}.Debug|Any CPU.Build.0 = Debug|Any CPU
		{21AB8ACF-E8E7-4512-85A8-51A14BFBDF04}.Release|Any CPU.ActiveCfg = Release|Any CPU
		{21AB8ACF-E8E7-4512-85A8-51A14BFBDF04}.Release|Any CPU.Build.0 = Release|Any CPU
		{3029E407-6A61-40D0-8FEC-08F610EF8D1F}.Debug|Any CPU.ActiveCfg = Debug|Any CPU
		{3029E407-6A61-40D0-8FEC-08F610EF8D1F}.Debug|Any CPU.Build.0 = Debug|Any CPU
		{3029E407-6A61-40D0-8FEC-08F610EF8D1F}.Release|Any CPU.ActiveCfg = Release|Any CPU
		{3029E407-6A61-40D0-8FEC-08F610EF8D1F}.Release|Any CPU.Build.0 = Release|Any CPU
		{DFFE1CF7-F37A-4243-9688-2311C8452E82}.Debug|Any CPU.ActiveCfg = Debug|Any CPU
		{DFFE1CF7-F37A-4243-9688-2311C8452E82}.Debug|Any CPU.Build.0 = Debug|Any CPU
		{DFFE1CF7-F37A-4243-9688-2311C8452E82}.Release|Any CPU.ActiveCfg = Release|Any CPU
		{DFFE1CF7-F37A-4243-9688-2311C8452E82}.Release|Any CPU.Build.0 = Release|Any CPU
		{285C5DB8-829D-40A2-A695-9C8772C1B7AA}.Debug|Any CPU.ActiveCfg = Debug|Any CPU
		{285C5DB8-829D-40A2-A695-9C8772C1B7AA}.Debug|Any CPU.Build.0 = Debug|Any CPU
		{285C5DB8-829D-40A2-A695-9C8772C1B7AA}.Release|Any CPU.ActiveCfg = Release|Any CPU
		{285C5DB8-829D-40A2-A695-9C8772C1B7AA}.Release|Any CPU.Build.0 = Release|Any CPU
		{CF3F8568-1BA3-42A5-8B70-3D809856906C}.Debug|Any CPU.ActiveCfg = Debug|Any CPU
		{CF3F8568-1BA3-42A5-8B70-3D809856906C}.Debug|Any CPU.Build.0 = Debug|Any CPU
		{CF3F8568-1BA3-42A5-8B70-3D809856906C}.Release|Any CPU.ActiveCfg = Release|Any CPU
		{CF3F8568-1BA3-42A5-8B70-3D809856906C}.Release|Any CPU.Build.0 = Release|Any CPU
		{C8AA4D37-F008-4FB1-8677-7579FCA5A651}.Debug|Any CPU.ActiveCfg = Debug|Any CPU
		{C8AA4D37-F008-4FB1-8677-7579FCA5A651}.Debug|Any CPU.Build.0 = Debug|Any CPU
		{C8AA4D37-F008-4FB1-8677-7579FCA5A651}.Release|Any CPU.ActiveCfg = Release|Any CPU
		{C8AA4D37-F008-4FB1-8677-7579FCA5A651}.Release|Any CPU.Build.0 = Release|Any CPU
		{AD13F646-5982-4499-91C9-91AD2A913307}.Debug|Any CPU.ActiveCfg = Debug|Any CPU
		{AD13F646-5982-4499-91C9-91AD2A913307}.Debug|Any CPU.Build.0 = Debug|Any CPU
		{AD13F646-5982-4499-91C9-91AD2A913307}.Release|Any CPU.ActiveCfg = Release|Any CPU
		{AD13F646-5982-4499-91C9-91AD2A913307}.Release|Any CPU.Build.0 = Release|Any CPU
		{F0BE9495-84E8-4DAE-BD35-1C803ADF0E3F}.Debug|Any CPU.ActiveCfg = Debug|Any CPU
		{F0BE9495-84E8-4DAE-BD35-1C803ADF0E3F}.Debug|Any CPU.Build.0 = Debug|Any CPU
		{F0BE9495-84E8-4DAE-BD35-1C803ADF0E3F}.Release|Any CPU.ActiveCfg = Release|Any CPU
		{F0BE9495-84E8-4DAE-BD35-1C803ADF0E3F}.Release|Any CPU.Build.0 = Release|Any CPU
		{599E1EE6-CFA7-4B85-8200-DAA4C38E8BC1}.Debug|Any CPU.ActiveCfg = Debug|Any CPU
		{599E1EE6-CFA7-4B85-8200-DAA4C38E8BC1}.Debug|Any CPU.Build.0 = Debug|Any CPU
		{599E1EE6-CFA7-4B85-8200-DAA4C38E8BC1}.Release|Any CPU.ActiveCfg = Release|Any CPU
		{599E1EE6-CFA7-4B85-8200-DAA4C38E8BC1}.Release|Any CPU.Build.0 = Release|Any CPU
		{F6A8DACE-6F40-4625-94F1-D6CD957D4F47}.Debug|Any CPU.ActiveCfg = Debug|Any CPU
		{F6A8DACE-6F40-4625-94F1-D6CD957D4F47}.Debug|Any CPU.Build.0 = Debug|Any CPU
		{F6A8DACE-6F40-4625-94F1-D6CD957D4F47}.Release|Any CPU.ActiveCfg = Release|Any CPU
		{F6A8DACE-6F40-4625-94F1-D6CD957D4F47}.Release|Any CPU.Build.0 = Release|Any CPU
		{26207BAB-D316-4206-BFAA-0705F8C9323A}.Debug|Any CPU.ActiveCfg = Debug|Any CPU
		{26207BAB-D316-4206-BFAA-0705F8C9323A}.Debug|Any CPU.Build.0 = Debug|Any CPU
		{26207BAB-D316-4206-BFAA-0705F8C9323A}.Release|Any CPU.ActiveCfg = Release|Any CPU
		{26207BAB-D316-4206-BFAA-0705F8C9323A}.Release|Any CPU.Build.0 = Release|Any CPU
		{536C5F55-B92E-4215-9ADF-6AF1BDED4B77}.Debug|Any CPU.ActiveCfg = Debug|Any CPU
		{536C5F55-B92E-4215-9ADF-6AF1BDED4B77}.Debug|Any CPU.Build.0 = Debug|Any CPU
		{536C5F55-B92E-4215-9ADF-6AF1BDED4B77}.Release|Any CPU.ActiveCfg = Release|Any CPU
		{536C5F55-B92E-4215-9ADF-6AF1BDED4B77}.Release|Any CPU.Build.0 = Release|Any CPU
		{ED86E8D2-B564-4107-B984-96D2D0D4A988}.Debug|Any CPU.ActiveCfg = Debug|Any CPU
		{ED86E8D2-B564-4107-B984-96D2D0D4A988}.Debug|Any CPU.Build.0 = Debug|Any CPU
		{ED86E8D2-B564-4107-B984-96D2D0D4A988}.Release|Any CPU.ActiveCfg = Release|Any CPU
		{ED86E8D2-B564-4107-B984-96D2D0D4A988}.Release|Any CPU.Build.0 = Release|Any CPU
		{00800FD0-374A-4AC4-9B2C-E469B33FCBEA}.Debug|Any CPU.ActiveCfg = Debug|Any CPU
		{00800FD0-374A-4AC4-9B2C-E469B33FCBEA}.Debug|Any CPU.Build.0 = Debug|Any CPU
		{00800FD0-374A-4AC4-9B2C-E469B33FCBEA}.Release|Any CPU.ActiveCfg = Release|Any CPU
		{00800FD0-374A-4AC4-9B2C-E469B33FCBEA}.Release|Any CPU.Build.0 = Release|Any CPU
		{3BF6A8EE-233D-4C34-92BA-173B39FB8215}.Debug|Any CPU.ActiveCfg = Debug|Any CPU
		{3BF6A8EE-233D-4C34-92BA-173B39FB8215}.Debug|Any CPU.Build.0 = Debug|Any CPU
		{3BF6A8EE-233D-4C34-92BA-173B39FB8215}.Release|Any CPU.ActiveCfg = Release|Any CPU
		{3BF6A8EE-233D-4C34-92BA-173B39FB8215}.Release|Any CPU.Build.0 = Release|Any CPU
		{F6690EFD-3E72-4E80-8A0D-3E75C4542D8B}.Debug|Any CPU.ActiveCfg = Debug|Any CPU
		{F6690EFD-3E72-4E80-8A0D-3E75C4542D8B}.Debug|Any CPU.Build.0 = Debug|Any CPU
		{F6690EFD-3E72-4E80-8A0D-3E75C4542D8B}.Release|Any CPU.ActiveCfg = Release|Any CPU
		{F6690EFD-3E72-4E80-8A0D-3E75C4542D8B}.Release|Any CPU.Build.0 = Release|Any CPU
		{EB08462B-065C-4584-B839-4C37D1CA129A}.Debug|Any CPU.ActiveCfg = Debug|Any CPU
		{EB08462B-065C-4584-B839-4C37D1CA129A}.Debug|Any CPU.Build.0 = Debug|Any CPU
		{EB08462B-065C-4584-B839-4C37D1CA129A}.Release|Any CPU.ActiveCfg = Release|Any CPU
		{EB08462B-065C-4584-B839-4C37D1CA129A}.Release|Any CPU.Build.0 = Release|Any CPU
	EndGlobalSection
	GlobalSection(SolutionProperties) = preSolution
		HideSolutionNode = FALSE
	EndGlobalSection
	GlobalSection(NestedProjects) = preSolution
		{A221C1F6-6618-47CD-8586-7A199608DC10} = {02EA681E-C7D8-13C7-8484-4AC65E1B71E8}
		{F49CB89F-28A6-4842-9A9E-5D61FD05BDEC} = {02EA681E-C7D8-13C7-8484-4AC65E1B71E8}
		{1E53F451-F3F6-4D9D-90D8-BFF268AC7C60} = {A221C1F6-6618-47CD-8586-7A199608DC10}
		{1FF2DFEA-CB19-4224-8046-D513A90E4585} = {F49CB89F-28A6-4842-9A9E-5D61FD05BDEC}
		{0F5E4F89-E6FA-4BA0-A7A4-BBCAC4F019EB} = {02EA681E-C7D8-13C7-8484-4AC65E1B71E8}
		{90CC6671-7F14-4B08-B3A7-DB751EC7FCE9} = {0F5E4F89-E6FA-4BA0-A7A4-BBCAC4F019EB}
		{B62EB323-9C75-4A41-82F0-DC423E2AC726} = {334DB292-1287-4D2C-ABB8-2511C23EB23F}
		{20932445-9083-4A51-B7B0-7B47BA8ECD3E} = {334DB292-1287-4D2C-ABB8-2511C23EB23F}
		{CCF53A8D-17A3-4DAA-BF7F-4D6638ED109B} = {334DB292-1287-4D2C-ABB8-2511C23EB23F}
		{87472F6A-F60B-4C83-95E8-742A3D64364C} = {25BE3665-0D33-4AEF-A0A8-086C764DE1C6}
		{21AB8ACF-E8E7-4512-85A8-51A14BFBDF04} = {25BE3665-0D33-4AEF-A0A8-086C764DE1C6}
		{3029E407-6A61-40D0-8FEC-08F610EF8D1F} = {25BE3665-0D33-4AEF-A0A8-086C764DE1C6}
		{DFFE1CF7-F37A-4243-9688-2311C8452E82} = {ACD00CE3-419C-4E89-9623-9BC7E365BD42}
		{285C5DB8-829D-40A2-A695-9C8772C1B7AA} = {ACD00CE3-419C-4E89-9623-9BC7E365BD42}
		{CF3F8568-1BA3-42A5-8B70-3D809856906C} = {ACD00CE3-419C-4E89-9623-9BC7E365BD42}
		{C8AA4D37-F008-4FB1-8677-7579FCA5A651} = {E5012028-CC2D-42A9-A478-861A449219E4}
		{AD13F646-5982-4499-91C9-91AD2A913307} = {E5012028-CC2D-42A9-A478-861A449219E4}
		{F0BE9495-84E8-4DAE-BD35-1C803ADF0E3F} = {E5012028-CC2D-42A9-A478-861A449219E4}
		{599E1EE6-CFA7-4B85-8200-DAA4C38E8BC1} = {62542B8E-B420-4AAD-BDA5-7015142B1330}
		{F6A8DACE-6F40-4625-94F1-D6CD957D4F47} = {62542B8E-B420-4AAD-BDA5-7015142B1330}
		{26207BAB-D316-4206-BFAA-0705F8C9323A} = {62542B8E-B420-4AAD-BDA5-7015142B1330}
		{536C5F55-B92E-4215-9ADF-6AF1BDED4B77} = {9F4CBBFA-ABD8-4437-B433-2EBD67D4885E}
		{ED86E8D2-B564-4107-B984-96D2D0D4A988} = {9F4CBBFA-ABD8-4437-B433-2EBD67D4885E}
		{00800FD0-374A-4AC4-9B2C-E469B33FCBEA} = {9F4CBBFA-ABD8-4437-B433-2EBD67D4885E}
		{3BF6A8EE-233D-4C34-92BA-173B39FB8215} = {74C6ED49-FF13-4041-B67F-251C2FD6CC3A}
		{F6690EFD-3E72-4E80-8A0D-3E75C4542D8B} = {74C6ED49-FF13-4041-B67F-251C2FD6CC3A}
		{EB08462B-065C-4584-B839-4C37D1CA129A} = {74C6ED49-FF13-4041-B67F-251C2FD6CC3A}
	EndGlobalSection
	GlobalSection(ExtensibilityGlobals) = postSolution
		SolutionGuid = {51E800E1-77FA-4B7B-89DF-A2291F5BA9C1}
	EndGlobalSection
EndGlobal
